
Microsoft Visual Studio Solution File, Format Version 12.00
# Visual Studio Version 16
VisualStudioVersion = 16.0.30804.86
MinimumVisualStudioVersion = 10.0.40219.1
Project("{FAE04EC0-301F-11D3-BF4B-00C04F79EFBC}") = "Electronic collection of books on programming", "Electronic collection of books on programming.csproj", "{E1092FC3-2691-4C01-BCFC-940B834C801B}"
EndProject
Global
	GlobalSection(SolutionConfigurationPlatforms) = preSolution
		Debug|Any CPU = Debug|Any CPU
		Release|Any CPU = Release|Any CPU
	EndGlobalSection
	GlobalSection(ProjectConfigurationPlatforms) = postSolution
		{E1092FC3-2691-4C01-BCFC-940B834C801B}.Debug|Any CPU.ActiveCfg = Debug|Any CPU
		{E1092FC3-2691-4C01-BCFC-940B834C801B}.Debug|Any CPU.Build.0 = Debug|Any CPU
		{E1092FC3-2691-4C01-BCFC-940B834C801B}.Release|Any CPU.ActiveCfg = Release|Any CPU
		{E1092FC3-2691-4C01-BCFC-940B834C801B}.Release|Any CPU.Build.0 = Release|Any CPU
	EndGlobalSection
	GlobalSection(SolutionProperties) = preSolution
		HideSolutionNode = FALSE
	EndGlobalSection
	GlobalSection(ExtensibilityGlobals) = postSolution
		SolutionGuid = {CD91F697-FFAF-40F3-BC4E-99386DE63E47}
	EndGlobalSection
EndGlobal
